
Microsoft Visual Studio Solution File, Format Version 12.00
# Visual Studio Version 17
VisualStudioVersion = 17.0.31717.71
MinimumVisualStudioVersion = 10.0.40219.1
Project("{FAE04EC0-301F-11D3-BF4B-00C04F79EFBC}") = "ODataBatchUIDemo", "ODataBatchUIDemo\ODataBatchUIDemo.csproj", "{D3E9EC65-F5CC-415C-8716-6D1E6DD676AD}"
EndProject
Global
	GlobalSection(SolutionConfigurationPlatforms) = preSolution
		Debug|Any CPU = Debug|Any CPU
		Release|Any CPU = Release|Any CPU
	EndGlobalSection
	GlobalSection(ProjectConfigurationPlatforms) = postSolution
		{D3E9EC65-F5CC-415C-8716-6D1E6DD676AD}.Debug|Any CPU.ActiveCfg = Debug|Any CPU
		{D3E9EC65-F5CC-415C-8716-6D1E6DD676AD}.Debug|Any CPU.Build.0 = Debug|Any CPU
		{D3E9EC65-F5CC-415C-8716-6D1E6DD676AD}.Release|Any CPU.ActiveCfg = Release|Any CPU
		{D3E9EC65-F5CC-415C-8716-6D1E6DD676AD}.Release|Any CPU.Build.0 = Release|Any CPU
	EndGlobalSection
	GlobalSection(SolutionProperties) = preSolution
		HideSolutionNode = FALSE
	EndGlobalSection
	GlobalSection(ExtensibilityGlobals) = postSolution
		SolutionGuid = {D65FADBC-63F9-4887-BD46-ADF03080A2D2}
	EndGlobalSection
EndGlobal
